
Microsoft Visual Studio Solution File, Format Version 12.00
# Visual Studio Version 17
VisualStudioVersion = 17.8.34525.116
MinimumVisualStudioVersion = 10.0.40219.1
Project("{9A19103F-16F7-4668-BE54-9A1E7A4F7556}") = "WorkingWithLinqQuerySyntax", "WorkingWithLinqQuerySyntax.csproj", "{D15596D7-285A-4B5B-9285-A3F965C95869}"
EndProject
Project("{2150E333-8FDC-42A3-9474-1A3956D46DE8}") = "Solution Items", "Solution Items", "{461B1AFE-9A81-4BCA-9B4B-B44F03F667DC}"
	ProjectSection(SolutionItems) = preProject
		.editorconfig = .editorconfig
	EndProjectSection
EndProject
Global
	GlobalSection(SolutionConfigurationPlatforms) = preSolution
		Debug|Any CPU = Debug|Any CPU
		Release|Any CPU = Release|Any CPU
	EndGlobalSection
	GlobalSection(ProjectConfigurationPlatforms) = postSolution
		{D15596D7-285A-4B5B-9285-A3F965C95869}.Debug|Any CPU.ActiveCfg = Debug|Any CPU
		{D15596D7-285A-4B5B-9285-A3F965C95869}.Debug|Any CPU.Build.0 = Debug|Any CPU
		{D15596D7-285A-4B5B-9285-A3F965C95869}.Release|Any CPU.ActiveCfg = Release|Any CPU
		{D15596D7-285A-4B5B-9285-A3F965C95869}.Release|Any CPU.Build.0 = Release|Any CPU
	EndGlobalSection
	GlobalSection(SolutionProperties) = preSolution
		HideSolutionNode = FALSE
	EndGlobalSection
	GlobalSection(ExtensibilityGlobals) = postSolution
		SolutionGuid = {A72AD86E-B7FD-404A-9CB9-84B6B980650F}
	EndGlobalSection
EndGlobal
